
Microsoft Visual Studio Solution File, Format Version 11.00
# Visual Studio 2010
Project("{FAE04EC0-301F-11D3-BF4B-00C04F79EFBC}") = "Unity.Timeline", "Unity.Timeline.csproj", "{9b381e41-fe77-ff65-36e4-18ed7c93abaa}"
EndProject
Project("{FAE04EC0-301F-11D3-BF4B-00C04F79EFBC}") = "Unity.Timeline.Editor", "Unity.Timeline.Editor.csproj", "{82b3f281-3baa-70b4-7571-976e8e8e4940}"
EndProject
Project("{FAE04EC0-301F-11D3-BF4B-00C04F79EFBC}") = "Mirror.Examples", "Mirror.Examples.csproj", "{be120fe8-1491-4409-2841-cd37e7ce1d22}"
EndProject
Project("{FAE04EC0-301F-11D3-BF4B-00C04F79EFBC}") = "Unity.TextMeshPro.Editor", "Unity.TextMeshPro.Editor.csproj", "{555ebd7f-3009-da07-d41c-da4a7b086da9}"
EndProject
Project("{FAE04EC0-301F-11D3-BF4B-00C04F79EFBC}") = "Mirror", "Mirror.csproj", "{72577d93-8bb8-f69e-c444-bea26aef1f64}"
EndProject
Project("{FAE04EC0-301F-11D3-BF4B-00C04F79EFBC}") = "Unity.VisualScripting.Flow", "Unity.VisualScripting.Flow.csproj", "{fd13579e-97f6-74db-8530-56ae516415e3}"
EndProject
Project("{FAE04EC0-301F-11D3-BF4B-00C04F79EFBC}") = "UnityEditor.UI", "UnityEditor.UI.csproj", "{cffb423f-112e-45eb-efdc-654b8e269b06}"
EndProject
Project("{FAE04EC0-301F-11D3-BF4B-00C04F79EFBC}") = "Unity.PlasticSCM.Editor", "Unity.PlasticSCM.Editor.csproj", "{63fe9a44-8d82-6643-ca9a-1349cf3149c7}"
EndProject
Project("{FAE04EC0-301F-11D3-BF4B-00C04F79EFBC}") = "Unity.VisualScripting.Core", "Unity.VisualScripting.Core.csproj", "{efb1aff5-670f-9095-b949-767b5cafd51b}"
EndProject
Project("{FAE04EC0-301F-11D3-BF4B-00C04F79EFBC}") = "Unity.VisualScripting.Core.Editor", "Unity.VisualScripting.Core.Editor.csproj", "{c493a40d-d50b-a7fa-d0f9-13d6b7401ac4}"
EndProject
Project("{FAE04EC0-301F-11D3-BF4B-00C04F79EFBC}") = "Mirror.Transports", "Mirror.Transports.csproj", "{b40d43c5-216e-70c7-6572-07b8ae044da2}"
EndProject
Project("{FAE04EC0-301F-11D3-BF4B-00C04F79EFBC}") = "Unity.VisualScripting.Flow.Editor", "Unity.VisualScripting.Flow.Editor.csproj", "{98932e3b-84ec-4f4e-939f-f4e312fc67b0}"
EndProject
Project("{FAE04EC0-301F-11D3-BF4B-00C04F79EFBC}") = "UnityEditor.TestRunner", "UnityEditor.TestRunner.csproj", "{744cd692-fb01-5d57-a813-b44c36af12bb}"
EndProject
Project("{FAE04EC0-301F-11D3-BF4B-00C04F79EFBC}") = "Unity.VisualScripting.SettingsProvider.Editor", "Unity.VisualScripting.SettingsProvider.Editor.csproj", "{bc76e77f-e703-022d-623e-87235e861dd7}"
EndProject
Project("{FAE04EC0-301F-11D3-BF4B-00C04F79EFBC}") = "Unity.Mirror.CodeGen", "Unity.Mirror.CodeGen.csproj", "{f8073fc4-13cf-ee47-dd05-584f21b9e4c9}"
EndProject
Project("{FAE04EC0-301F-11D3-BF4B-00C04F79EFBC}") = "UnityEngine.TestRunner", "UnityEngine.TestRunner.csproj", "{03777c0a-c718-3330-f927-a97e2659e4df}"
EndProject
Project("{FAE04EC0-301F-11D3-BF4B-00C04F79EFBC}") = "Mirror.Components", "Mirror.Components.csproj", "{60bf423a-c4d1-fa5f-f577-e45079abd470}"
EndProject
Project("{FAE04EC0-301F-11D3-BF4B-00C04F79EFBC}") = "UnityEngine.UI", "UnityEngine.UI.csproj", "{83eb60f5-173c-7461-9afb-ec86e127627d}"
EndProject
Project("{FAE04EC0-301F-11D3-BF4B-00C04F79EFBC}") = "Unity.VisualStudio.Editor", "Unity.VisualStudio.Editor.csproj", "{64d71429-6041-b441-6a33-2d7cb4e0c728}"
EndProject
Project("{FAE04EC0-301F-11D3-BF4B-00C04F79EFBC}") = "Mirror.Editor", "Mirror.Editor.csproj", "{4bc3b8ba-5a55-5448-4d65-296e7cb04d67}"
EndProject
Project("{FAE04EC0-301F-11D3-BF4B-00C04F79EFBC}") = "Unity.TestTools.CodeCoverage.Editor.OpenCover.Model", "Unity.TestTools.CodeCoverage.Editor.OpenCover.Model.csproj", "{c6de5a2e-7aa2-0721-b26e-fb49e2b87d10}"
EndProject
Project("{FAE04EC0-301F-11D3-BF4B-00C04F79EFBC}") = "Unity.Rider.Editor", "Unity.Rider.Editor.csproj", "{c49c07d4-73b2-e999-c6e3-2ddedbd273a1}"
EndProject
Project("{FAE04EC0-301F-11D3-BF4B-00C04F79EFBC}") = "Telepathy", "Telepathy.csproj", "{734c497c-9999-f49c-d534-ab37cb136a08}"
EndProject
Project("{FAE04EC0-301F-11D3-BF4B-00C04F79EFBC}") = "SimpleWebTransport", "SimpleWebTransport.csproj", "{c155ac16-96d1-63c3-8fba-f55bcb277759}"
EndProject
Project("{FAE04EC0-301F-11D3-BF4B-00C04F79EFBC}") = "Unity.VisualScripting.State.Editor", "Unity.VisualScripting.State.Editor.csproj", "{1bc2725b-67e0-30a6-5e18-0ef4ad028a64}"
EndProject
Project("{FAE04EC0-301F-11D3-BF4B-00C04F79EFBC}") = "Unity.TestTools.CodeCoverage.Editor", "Unity.TestTools.CodeCoverage.Editor.csproj", "{53834c64-c115-13c0-05bd-d2f02f815b70}"
EndProject
Project("{FAE04EC0-301F-11D3-BF4B-00C04F79EFBC}") = "Unity.VisualScripting.State", "Unity.VisualScripting.State.csproj", "{1d85b4fb-25c7-137d-8093-3f3ff084ed8b}"
EndProject
Project("{FAE04EC0-301F-11D3-BF4B-00C04F79EFBC}") = "kcp2k", "kcp2k.csproj", "{74625600-5138-4e6c-5611-20b61b56e0f8}"
EndProject
Project("{FAE04EC0-301F-11D3-BF4B-00C04F79EFBC}") = "Unity.TextMeshPro", "Unity.TextMeshPro.csproj", "{6ea3f5e7-89fb-e1a5-b1be-3f2bef0130a7}"
EndProject
Project("{FAE04EC0-301F-11D3-BF4B-00C04F79EFBC}") = "Unity.Performance.Profile-Analyzer.Editor", "Unity.Performance.Profile-Analyzer.Editor.csproj", "{f6f73523-d2e9-09e0-2fc8-ab7c12ad0bc5}"
EndProject
Project("{FAE04EC0-301F-11D3-BF4B-00C04F79EFBC}") = "Unity.VSCode.Editor", "Unity.VSCode.Editor.csproj", "{cd9beb26-a26e-2a3d-2869-1bad9a4f6d50}"
EndProject
Project("{FAE04EC0-301F-11D3-BF4B-00C04F79EFBC}") = "Unity.TestTools.CodeCoverage.Editor.OpenCover.Mono.Reflection", "Unity.TestTools.CodeCoverage.Editor.OpenCover.Mono.Reflection.csproj", "{a016541c-cb63-1153-1e5a-48416aea5341}"
EndProject
Project("{FAE04EC0-301F-11D3-BF4B-00C04F79EFBC}") = "Mirror.Authenticators", "Mirror.Authenticators.csproj", "{5a64a3eb-0b8e-febe-734b-c5ee358a41ca}"
EndProject
Project("{FAE04EC0-301F-11D3-BF4B-00C04F79EFBC}") = "Unity.Settings.Editor", "Unity.Settings.Editor.csproj", "{ebe733a3-9bac-4efc-dc82-54cfe76910db}"
EndProject
Project("{FAE04EC0-301F-11D3-BF4B-00C04F79EFBC}") = "EncryptionTransportEditor", "EncryptionTransportEditor.csproj", "{c8967778-2f51-a3dd-fc05-853340f61c09}"
EndProject
Project("{FAE04EC0-301F-11D3-BF4B-00C04F79EFBC}") = "Unity.EditorCoroutines.Editor", "Unity.EditorCoroutines.Editor.csproj", "{f3fa2577-c311-c9c8-7024-65cb2449e94a}"
EndProject
Project("{FAE04EC0-301F-11D3-BF4B-00C04F79EFBC}") = "Mirror.CompilerSymbols", "Mirror.CompilerSymbols.csproj", "{0f334fde-ba67-1a96-9518-ea290b429da1}"
EndProject
Project("{FAE04EC0-301F-11D3-BF4B-00C04F79EFBC}") = "Unity.VisualScripting.Shared.Editor", "Unity.VisualScripting.Shared.Editor.csproj", "{5fdda512-1269-499a-0cba-6ab1278ecdab}"
EndProject
Project("{FAE04EC0-301F-11D3-BF4B-00C04F79EFBC}") = "Unity.CollabProxy.Editor", "Unity.CollabProxy.Editor.csproj", "{f9b03e05-54b7-50d7-a344-f48eb47fe204}"
EndProject
Project("{FAE04EC0-301F-11D3-BF4B-00C04F79EFBC}") = "Unity.Timeline", "Unity.Timeline.Player.csproj", "{627dadab-9dad-de71-fee1-e9241249c1ca}"
EndProject
Project("{FAE04EC0-301F-11D3-BF4B-00C04F79EFBC}") = "Mirror.Examples", "Mirror.Examples.Player.csproj", "{a89ebcec-e259-dca3-96ca-8967bc353390}"
EndProject
Project("{FAE04EC0-301F-11D3-BF4B-00C04F79EFBC}") = "Mirror", "Mirror.Player.csproj", "{d8612a3b-7b08-b201-0d79-e3dc0c24a6bf}"
EndProject
Project("{FAE04EC0-301F-11D3-BF4B-00C04F79EFBC}") = "Unity.VisualScripting.Flow", "Unity.VisualScripting.Flow.Player.csproj", "{1180f401-53ed-04ec-f9a3-942ab6a24e0e}"
EndProject
Project("{FAE04EC0-301F-11D3-BF4B-00C04F79EFBC}") = "Unity.VisualScripting.Core", "Unity.VisualScripting.Core.Player.csproj", "{c2840a76-d3a6-f297-a4eb-4efb8163c7cd}"
EndProject
Project("{FAE04EC0-301F-11D3-BF4B-00C04F79EFBC}") = "Mirror.Transports", "Mirror.Transports.Player.csproj", "{48d87d1b-0401-d32a-d309-e80f93e7855a}"
EndProject
Project("{FAE04EC0-301F-11D3-BF4B-00C04F79EFBC}") = "UnityEngine.TestRunner", "UnityEngine.TestRunner.Player.csproj", "{7716fd8d-1a5e-a01b-fdd9-811001672991}"
EndProject
Project("{FAE04EC0-301F-11D3-BF4B-00C04F79EFBC}") = "Mirror.Components", "Mirror.Components.Player.csproj", "{e819bfac-e9d3-0265-aa86-ed0fbdb8b5a0}"
EndProject
Project("{FAE04EC0-301F-11D3-BF4B-00C04F79EFBC}") = "UnityEngine.UI", "UnityEngine.UI.Player.csproj", "{d85f4665-b812-d411-460e-098007c51b6d}"
EndProject
Project("{FAE04EC0-301F-11D3-BF4B-00C04F79EFBC}") = "Telepathy", "Telepathy.Player.csproj", "{5602c7d6-13a6-2d3f-a61d-a685c6297194}"
EndProject
Project("{FAE04EC0-301F-11D3-BF4B-00C04F79EFBC}") = "SimpleWebTransport", "SimpleWebTransport.Player.csproj", "{2d1ea6cb-359d-c52d-cbc6-d8aa2626df08}"
EndProject
Project("{FAE04EC0-301F-11D3-BF4B-00C04F79EFBC}") = "Unity.VisualScripting.State", "Unity.VisualScripting.State.Player.csproj", "{95061453-3b4f-23f9-c48b-676ba5372be3}"
EndProject
Project("{FAE04EC0-301F-11D3-BF4B-00C04F79EFBC}") = "kcp2k", "kcp2k.Player.csproj", "{910409ca-dc24-a149-458d-c0ac6886caeb}"
EndProject
Project("{FAE04EC0-301F-11D3-BF4B-00C04F79EFBC}") = "Unity.TextMeshPro", "Unity.TextMeshPro.Player.csproj", "{9b4e9f94-cc9f-3ad2-0725-7bd1e767f4b1}"
EndProject
Project("{FAE04EC0-301F-11D3-BF4B-00C04F79EFBC}") = "Mirror.Authenticators", "Mirror.Authenticators.Player.csproj", "{ca53c6b8-d426-fda4-4717-1499700fd3c3}"
EndProject
Project("{FAE04EC0-301F-11D3-BF4B-00C04F79EFBC}") = "Assembly-CSharp-Editor", "Assembly-CSharp-Editor.csproj", "{04434842-fe2e-6efb-fde4-49df5e3c11d2}"
EndProject
Project("{FAE04EC0-301F-11D3-BF4B-00C04F79EFBC}") = "Assembly-CSharp", "Assembly-CSharp.csproj", "{d2b658b0-216c-8086-85bd-347339478d46}"
EndProject
Project("{FAE04EC0-301F-11D3-BF4B-00C04F79EFBC}") = "Unity.TestTools.CodeCoverage.Editor.Compatibility", "Unity.TestTools.CodeCoverage.Editor.Compatibility.csproj", "{79c52660-c44e-f271-2ec4-269f4ad11b5c}"
EndProject
Project("{FAE04EC0-301F-11D3-BF4B-00C04F79EFBC}") = "Unity.TextMeshPro.Editor.Tests", "Unity.TextMeshPro.Editor.Tests.csproj", "{046f8c30-2adc-2064-4f31-9a3c5aa94b89}"
EndProject
Project("{FAE04EC0-301F-11D3-BF4B-00C04F79EFBC}") = "DocCodeExamples", "DocCodeExamples.csproj", "{7a9b580e-eb60-34d1-68f2-0aa1984e6518}"
EndProject
Project("{FAE04EC0-301F-11D3-BF4B-00C04F79EFBC}") = "Unity.Performance.Profile-Analyzer.EditorTests", "Unity.Performance.Profile-Analyzer.EditorTests.csproj", "{849cf586-2590-5cdd-f000-c72b45b0a83e}"
EndProject
Project("{FAE04EC0-301F-11D3-BF4B-00C04F79EFBC}") = "Unity.Settings.Tests", "Unity.Settings.Tests.csproj", "{3ead15f9-9476-49cb-fa83-b4ae4e4cace9}"
EndProject
Project("{FAE04EC0-301F-11D3-BF4B-00C04F79EFBC}") = "UnityEngine.UI.Tests", "UnityEngine.UI.Tests.csproj", "{596f09ce-d34c-7738-e9ee-7f8eb03803b2}"
EndProject
Project("{FAE04EC0-301F-11D3-BF4B-00C04F79EFBC}") = "Unity.TextMeshPro.Tests", "Unity.TextMeshPro.Tests.csproj", "{e1c2148d-96a2-9594-202b-33d68ce96fc6}"
EndProject
Project("{FAE04EC0-301F-11D3-BF4B-00C04F79EFBC}") = "UnityEditor.UI.EditorTests", "UnityEditor.UI.EditorTests.csproj", "{5238f1f1-6793-de10-14db-bc3e48f8b4dc}"
EndProject
Global
	GlobalSection(SolutionConfigurationPlatforms) = preSolution
		Debug|Any CPU = Debug|Any CPU
	EndGlobalSection
	GlobalSection(ProjectConfigurationPlatforms) = postSolution
		{9b381e41-fe77-ff65-36e4-18ed7c93abaa}.Debug|Any CPU.ActiveCfg = Debug|Any CPU
		{9b381e41-fe77-ff65-36e4-18ed7c93abaa}.Debug|Any CPU.Build.0 = Debug|Any CPU
		{82b3f281-3baa-70b4-7571-976e8e8e4940}.Debug|Any CPU.ActiveCfg = Debug|Any CPU
		{82b3f281-3baa-70b4-7571-976e8e8e4940}.Debug|Any CPU.Build.0 = Debug|Any CPU
		{be120fe8-1491-4409-2841-cd37e7ce1d22}.Debug|Any CPU.ActiveCfg = Debug|Any CPU
		{be120fe8-1491-4409-2841-cd37e7ce1d22}.Debug|Any CPU.Build.0 = Debug|Any CPU
		{555ebd7f-3009-da07-d41c-da4a7b086da9}.Debug|Any CPU.ActiveCfg = Debug|Any CPU
		{555ebd7f-3009-da07-d41c-da4a7b086da9}.Debug|Any CPU.Build.0 = Debug|Any CPU
		{72577d93-8bb8-f69e-c444-bea26aef1f64}.Debug|Any CPU.ActiveCfg = Debug|Any CPU
		{72577d93-8bb8-f69e-c444-bea26aef1f64}.Debug|Any CPU.Build.0 = Debug|Any CPU
		{fd13579e-97f6-74db-8530-56ae516415e3}.Debug|Any CPU.ActiveCfg = Debug|Any CPU
		{fd13579e-97f6-74db-8530-56ae516415e3}.Debug|Any CPU.Build.0 = Debug|Any CPU
		{cffb423f-112e-45eb-efdc-654b8e269b06}.Debug|Any CPU.ActiveCfg = Debug|Any CPU
		{cffb423f-112e-45eb-efdc-654b8e269b06}.Debug|Any CPU.Build.0 = Debug|Any CPU
		{63fe9a44-8d82-6643-ca9a-1349cf3149c7}.Debug|Any CPU.ActiveCfg = Debug|Any CPU
		{63fe9a44-8d82-6643-ca9a-1349cf3149c7}.Debug|Any CPU.Build.0 = Debug|Any CPU
		{efb1aff5-670f-9095-b949-767b5cafd51b}.Debug|Any CPU.ActiveCfg = Debug|Any CPU
		{efb1aff5-670f-9095-b949-767b5cafd51b}.Debug|Any CPU.Build.0 = Debug|Any CPU
		{c493a40d-d50b-a7fa-d0f9-13d6b7401ac4}.Debug|Any CPU.ActiveCfg = Debug|Any CPU
		{c493a40d-d50b-a7fa-d0f9-13d6b7401ac4}.Debug|Any CPU.Build.0 = Debug|Any CPU
		{b40d43c5-216e-70c7-6572-07b8ae044da2}.Debug|Any CPU.ActiveCfg = Debug|Any CPU
		{b40d43c5-216e-70c7-6572-07b8ae044da2}.Debug|Any CPU.Build.0 = Debug|Any CPU
		{98932e3b-84ec-4f4e-939f-f4e312fc67b0}.Debug|Any CPU.ActiveCfg = Debug|Any CPU
		{98932e3b-84ec-4f4e-939f-f4e312fc67b0}.Debug|Any CPU.Build.0 = Debug|Any CPU
		{744cd692-fb01-5d57-a813-b44c36af12bb}.Debug|Any CPU.ActiveCfg = Debug|Any CPU
		{744cd692-fb01-5d57-a813-b44c36af12bb}.Debug|Any CPU.Build.0 = Debug|Any CPU
		{bc76e77f-e703-022d-623e-87235e861dd7}.Debug|Any CPU.ActiveCfg = Debug|Any CPU
		{bc76e77f-e703-022d-623e-87235e861dd7}.Debug|Any CPU.Build.0 = Debug|Any CPU
		{f8073fc4-13cf-ee47-dd05-584f21b9e4c9}.Debug|Any CPU.ActiveCfg = Debug|Any CPU
		{f8073fc4-13cf-ee47-dd05-584f21b9e4c9}.Debug|Any CPU.Build.0 = Debug|Any CPU
		{03777c0a-c718-3330-f927-a97e2659e4df}.Debug|Any CPU.ActiveCfg = Debug|Any CPU
		{03777c0a-c718-3330-f927-a97e2659e4df}.Debug|Any CPU.Build.0 = Debug|Any CPU
		{60bf423a-c4d1-fa5f-f577-e45079abd470}.Debug|Any CPU.ActiveCfg = Debug|Any CPU
		{60bf423a-c4d1-fa5f-f577-e45079abd470}.Debug|Any CPU.Build.0 = Debug|Any CPU
		{83eb60f5-173c-7461-9afb-ec86e127627d}.Debug|Any CPU.ActiveCfg = Debug|Any CPU
		{83eb60f5-173c-7461-9afb-ec86e127627d}.Debug|Any CPU.Build.0 = Debug|Any CPU
		{64d71429-6041-b441-6a33-2d7cb4e0c728}.Debug|Any CPU.ActiveCfg = Debug|Any CPU
		{64d71429-6041-b441-6a33-2d7cb4e0c728}.Debug|Any CPU.Build.0 = Debug|Any CPU
		{4bc3b8ba-5a55-5448-4d65-296e7cb04d67}.Debug|Any CPU.ActiveCfg = Debug|Any CPU
		{4bc3b8ba-5a55-5448-4d65-296e7cb04d67}.Debug|Any CPU.Build.0 = Debug|Any CPU
		{c6de5a2e-7aa2-0721-b26e-fb49e2b87d10}.Debug|Any CPU.ActiveCfg = Debug|Any CPU
		{c6de5a2e-7aa2-0721-b26e-fb49e2b87d10}.Debug|Any CPU.Build.0 = Debug|Any CPU
		{c49c07d4-73b2-e999-c6e3-2ddedbd273a1}.Debug|Any CPU.ActiveCfg = Debug|Any CPU
		{c49c07d4-73b2-e999-c6e3-2ddedbd273a1}.Debug|Any CPU.Build.0 = Debug|Any CPU
		{734c497c-9999-f49c-d534-ab37cb136a08}.Debug|Any CPU.ActiveCfg = Debug|Any CPU
		{734c497c-9999-f49c-d534-ab37cb136a08}.Debug|Any CPU.Build.0 = Debug|Any CPU
		{c155ac16-96d1-63c3-8fba-f55bcb277759}.Debug|Any CPU.ActiveCfg = Debug|Any CPU
		{c155ac16-96d1-63c3-8fba-f55bcb277759}.Debug|Any CPU.Build.0 = Debug|Any CPU
		{1bc2725b-67e0-30a6-5e18-0ef4ad028a64}.Debug|Any CPU.ActiveCfg = Debug|Any CPU
		{1bc2725b-67e0-30a6-5e18-0ef4ad028a64}.Debug|Any CPU.Build.0 = Debug|Any CPU
		{53834c64-c115-13c0-05bd-d2f02f815b70}.Debug|Any CPU.ActiveCfg = Debug|Any CPU
		{53834c64-c115-13c0-05bd-d2f02f815b70}.Debug|Any CPU.Build.0 = Debug|Any CPU
		{1d85b4fb-25c7-137d-8093-3f3ff084ed8b}.Debug|Any CPU.ActiveCfg = Debug|Any CPU
		{1d85b4fb-25c7-137d-8093-3f3ff084ed8b}.Debug|Any CPU.Build.0 = Debug|Any CPU
		{74625600-5138-4e6c-5611-20b61b56e0f8}.Debug|Any CPU.ActiveCfg = Debug|Any CPU
		{74625600-5138-4e6c-5611-20b61b56e0f8}.Debug|Any CPU.Build.0 = Debug|Any CPU
		{6ea3f5e7-89fb-e1a5-b1be-3f2bef0130a7}.Debug|Any CPU.ActiveCfg = Debug|Any CPU
		{6ea3f5e7-89fb-e1a5-b1be-3f2bef0130a7}.Debug|Any CPU.Build.0 = Debug|Any CPU
		{f6f73523-d2e9-09e0-2fc8-ab7c12ad0bc5}.Debug|Any CPU.ActiveCfg = Debug|Any CPU
		{f6f73523-d2e9-09e0-2fc8-ab7c12ad0bc5}.Debug|Any CPU.Build.0 = Debug|Any CPU
		{cd9beb26-a26e-2a3d-2869-1bad9a4f6d50}.Debug|Any CPU.ActiveCfg = Debug|Any CPU
		{cd9beb26-a26e-2a3d-2869-1bad9a4f6d50}.Debug|Any CPU.Build.0 = Debug|Any CPU
		{a016541c-cb63-1153-1e5a-48416aea5341}.Debug|Any CPU.ActiveCfg = Debug|Any CPU
		{a016541c-cb63-1153-1e5a-48416aea5341}.Debug|Any CPU.Build.0 = Debug|Any CPU
		{5a64a3eb-0b8e-febe-734b-c5ee358a41ca}.Debug|Any CPU.ActiveCfg = Debug|Any CPU
		{5a64a3eb-0b8e-febe-734b-c5ee358a41ca}.Debug|Any CPU.Build.0 = Debug|Any CPU
		{ebe733a3-9bac-4efc-dc82-54cfe76910db}.Debug|Any CPU.ActiveCfg = Debug|Any CPU
		{ebe733a3-9bac-4efc-dc82-54cfe76910db}.Debug|Any CPU.Build.0 = Debug|Any CPU
		{c8967778-2f51-a3dd-fc05-853340f61c09}.Debug|Any CPU.ActiveCfg = Debug|Any CPU
		{c8967778-2f51-a3dd-fc05-853340f61c09}.Debug|Any CPU.Build.0 = Debug|Any CPU
		{f3fa2577-c311-c9c8-7024-65cb2449e94a}.Debug|Any CPU.ActiveCfg = Debug|Any CPU
		{f3fa2577-c311-c9c8-7024-65cb2449e94a}.Debug|Any CPU.Build.0 = Debug|Any CPU
		{0f334fde-ba67-1a96-9518-ea290b429da1}.Debug|Any CPU.ActiveCfg = Debug|Any CPU
		{0f334fde-ba67-1a96-9518-ea290b429da1}.Debug|Any CPU.Build.0 = Debug|Any CPU
		{5fdda512-1269-499a-0cba-6ab1278ecdab}.Debug|Any CPU.ActiveCfg = Debug|Any CPU
		{5fdda512-1269-499a-0cba-6ab1278ecdab}.Debug|Any CPU.Build.0 = Debug|Any CPU
		{f9b03e05-54b7-50d7-a344-f48eb47fe204}.Debug|Any CPU.ActiveCfg = Debug|Any CPU
		{f9b03e05-54b7-50d7-a344-f48eb47fe204}.Debug|Any CPU.Build.0 = Debug|Any CPU
		{627dadab-9dad-de71-fee1-e9241249c1ca}.Debug|Any CPU.ActiveCfg = Debug|Any CPU
		{627dadab-9dad-de71-fee1-e9241249c1ca}.Debug|Any CPU.Build.0 = Debug|Any CPU
		{a89ebcec-e259-dca3-96ca-8967bc353390}.Debug|Any CPU.ActiveCfg = Debug|Any CPU
		{a89ebcec-e259-dca3-96ca-8967bc353390}.Debug|Any CPU.Build.0 = Debug|Any CPU
		{d8612a3b-7b08-b201-0d79-e3dc0c24a6bf}.Debug|Any CPU.ActiveCfg = Debug|Any CPU
		{d8612a3b-7b08-b201-0d79-e3dc0c24a6bf}.Debug|Any CPU.Build.0 = Debug|Any CPU
		{1180f401-53ed-04ec-f9a3-942ab6a24e0e}.Debug|Any CPU.ActiveCfg = Debug|Any CPU
		{1180f401-53ed-04ec-f9a3-942ab6a24e0e}.Debug|Any CPU.Build.0 = Debug|Any CPU
		{c2840a76-d3a6-f297-a4eb-4efb8163c7cd}.Debug|Any CPU.ActiveCfg = Debug|Any CPU
		{c2840a76-d3a6-f297-a4eb-4efb8163c7cd}.Debug|Any CPU.Build.0 = Debug|Any CPU
		{48d87d1b-0401-d32a-d309-e80f93e7855a}.Debug|Any CPU.ActiveCfg = Debug|Any CPU
		{48d87d1b-0401-d32a-d309-e80f93e7855a}.Debug|Any CPU.Build.0 = Debug|Any CPU
		{7716fd8d-1a5e-a01b-fdd9-811001672991}.Debug|Any CPU.ActiveCfg = Debug|Any CPU
		{7716fd8d-1a5e-a01b-fdd9-811001672991}.Debug|Any CPU.Build.0 = Debug|Any CPU
		{e819bfac-e9d3-0265-aa86-ed0fbdb8b5a0}.Debug|Any CPU.ActiveCfg = Debug|Any CPU
		{e819bfac-e9d3-0265-aa86-ed0fbdb8b5a0}.Debug|Any CPU.Build.0 = Debug|Any CPU
		{d85f4665-b812-d411-460e-098007c51b6d}.Debug|Any CPU.ActiveCfg = Debug|Any CPU
		{d85f4665-b812-d411-460e-098007c51b6d}.Debug|Any CPU.Build.0 = Debug|Any CPU
		{5602c7d6-13a6-2d3f-a61d-a685c6297194}.Debug|Any CPU.ActiveCfg = Debug|Any CPU
		{5602c7d6-13a6-2d3f-a61d-a685c6297194}.Debug|Any CPU.Build.0 = Debug|Any CPU
		{2d1ea6cb-359d-c52d-cbc6-d8aa2626df08}.Debug|Any CPU.ActiveCfg = Debug|Any CPU
		{2d1ea6cb-359d-c52d-cbc6-d8aa2626df08}.Debug|Any CPU.Build.0 = Debug|Any CPU
		{95061453-3b4f-23f9-c48b-676ba5372be3}.Debug|Any CPU.ActiveCfg = Debug|Any CPU
		{95061453-3b4f-23f9-c48b-676ba5372be3}.Debug|Any CPU.Build.0 = Debug|Any CPU
		{910409ca-dc24-a149-458d-c0ac6886caeb}.Debug|Any CPU.ActiveCfg = Debug|Any CPU
		{910409ca-dc24-a149-458d-c0ac6886caeb}.Debug|Any CPU.Build.0 = Debug|Any CPU
		{9b4e9f94-cc9f-3ad2-0725-7bd1e767f4b1}.Debug|Any CPU.ActiveCfg = Debug|Any CPU
		{9b4e9f94-cc9f-3ad2-0725-7bd1e767f4b1}.Debug|Any CPU.Build.0 = Debug|Any CPU
		{ca53c6b8-d426-fda4-4717-1499700fd3c3}.Debug|Any CPU.ActiveCfg = Debug|Any CPU
		{ca53c6b8-d426-fda4-4717-1499700fd3c3}.Debug|Any CPU.Build.0 = Debug|Any CPU
		{04434842-fe2e-6efb-fde4-49df5e3c11d2}.Debug|Any CPU.ActiveCfg = Debug|Any CPU
		{04434842-fe2e-6efb-fde4-49df5e3c11d2}.Debug|Any CPU.Build.0 = Debug|Any CPU
		{d2b658b0-216c-8086-85bd-347339478d46}.Debug|Any CPU.ActiveCfg = Debug|Any CPU
		{d2b658b0-216c-8086-85bd-347339478d46}.Debug|Any CPU.Build.0 = Debug|Any CPU
		{79c52660-c44e-f271-2ec4-269f4ad11b5c}.Debug|Any CPU.ActiveCfg = Debug|Any CPU
		{79c52660-c44e-f271-2ec4-269f4ad11b5c}.Debug|Any CPU.Build.0 = Debug|Any CPU
		{046f8c30-2adc-2064-4f31-9a3c5aa94b89}.Debug|Any CPU.ActiveCfg = Debug|Any CPU
		{046f8c30-2adc-2064-4f31-9a3c5aa94b89}.Debug|Any CPU.Build.0 = Debug|Any CPU
		{7a9b580e-eb60-34d1-68f2-0aa1984e6518}.Debug|Any CPU.ActiveCfg = Debug|Any CPU
		{7a9b580e-eb60-34d1-68f2-0aa1984e6518}.Debug|Any CPU.Build.0 = Debug|Any CPU
		{849cf586-2590-5cdd-f000-c72b45b0a83e}.Debug|Any CPU.ActiveCfg = Debug|Any CPU
		{849cf586-2590-5cdd-f000-c72b45b0a83e}.Debug|Any CPU.Build.0 = Debug|Any CPU
		{3ead15f9-9476-49cb-fa83-b4ae4e4cace9}.Debug|Any CPU.ActiveCfg = Debug|Any CPU
		{3ead15f9-9476-49cb-fa83-b4ae4e4cace9}.Debug|Any CPU.Build.0 = Debug|Any CPU
		{596f09ce-d34c-7738-e9ee-7f8eb03803b2}.Debug|Any CPU.ActiveCfg = Debug|Any CPU
		{596f09ce-d34c-7738-e9ee-7f8eb03803b2}.Debug|Any CPU.Build.0 = Debug|Any CPU
		{e1c2148d-96a2-9594-202b-33d68ce96fc6}.Debug|Any CPU.ActiveCfg = Debug|Any CPU
		{e1c2148d-96a2-9594-202b-33d68ce96fc6}.Debug|Any CPU.Build.0 = Debug|Any CPU
		{5238f1f1-6793-de10-14db-bc3e48f8b4dc}.Debug|Any CPU.ActiveCfg = Debug|Any CPU
		{5238f1f1-6793-de10-14db-bc3e48f8b4dc}.Debug|Any CPU.Build.0 = Debug|Any CPU
	EndGlobalSection
	GlobalSection(SolutionProperties) = preSolution
		HideSolutionNode = FALSE
	EndGlobalSection
EndGlobal
